// !$*UTF8*$!
{
	archiveVersion = 1;
	classes = {
	};
	objectVersion = 46;
	objects = {

/* Begin PBXBuildFile section */
		D033657F1A3F79DF0059FE1B /* AppDelegate.m in Sources */ = {isa = PBXBuildFile; fileRef = D033657E1A3F79DF0059FE1B /* AppDelegate.m */; };
		D03365811A3F79DF0059FE1B /* main.m in Sources */ = {isa = PBXBuildFile; fileRef = D03365801A3F79DF0059FE1B /* main.m */; };
		D03365831A3F79DF0059FE1B /* Images.xcassets in Resources */ = {isa = PBXBuildFile; fileRef = D03365821A3F79DF0059FE1B /* Images.xcassets */; };
		D03365861A3F79DF0059FE1B /* MainMenu.xib in Resources */ = {isa = PBXBuildFile; fileRef = D03365841A3F79DF0059FE1B /* MainMenu.xib */; };
		D0F07B0B1A42345400A22F35 /* Cocoa.framework in Frameworks */ = {isa = PBXBuildFile; fileRef = D0F07B0A1A42345400A22F35 /* Cocoa.framework */; };
/* End PBXBuildFile section */

/* Begin PBXFileReference section */
		D03365781A3F79DF0059FE1B /* HotKeyHelper.app */ = {isa = PBXFileReference; explicitFileType = wrapper.application; includeInIndex = 0; path = HotKeyHelper.app; sourceTree = BUILT_PRODUCTS_DIR; };
		D033657C1A3F79DF0059FE1B /* Info.plist */ = {isa = PBXFileReference; lastKnownFileType = text.plist.xml; path = Info.plist; sourceTree = "<group>"; };
		D033657D1A3F79DF0059FE1B /* AppDelegate.h */ = {isa = PBXFileReference; lastKnownFileType = sourcecode.c.h; path = AppDelegate.h; sourceTree = "<group>"; };
		D033657E1A3F79DF0059FE1B /* AppDelegate.m */ = {isa = PBXFileReference; lastKnownFileType = sourcecode.c.objc; path = AppDelegate.m; sourceTree = "<group>"; };
		D03365801A3F79DF0059FE1B /* main.m */ = {isa = PBXFileReference; lastKnownFileType = sourcecode.c.objc; path = main.m; sourceTree = "<group>"; };
		D03365821A3F79DF0059FE1B /* Images.xcassets */ = {isa = PBXFileReference; lastKnownFileType = folder.assetcatalog; path = Images.xcassets; sourceTree = "<group>"; };
		D03365851A3F79DF0059FE1B /* Base */ = {isa = PBXFileReference; lastKnownFileType = file.xib; name = Base; path = Base.lproj/MainMenu.xib; sourceTree = "<group>"; };
		D06409261A40B25500583962 /* HotKeyHelper.entitlements */ = {isa = PBXFileReference; lastKnownFileType = text.xml; path = HotKeyHelper.entitlements; sourceTree = "<group>"; };
		D0F07B0A1A42345400A22F35 /* Cocoa.framework */ = {isa = PBXFileReference; lastKnownFileType = wrapper.framework; name = Cocoa.framework; path = System/Library/Frameworks/Cocoa.framework; sourceTree = SDKROOT; };
/* End PBXFileReference section */

/* Begin PBXFrameworksBuildPhase section */
		D03365751A3F79DF0059FE1B /* Frameworks */ = {
			isa = PBXFrameworksBuildPhase;
			buildActionMask = 2147483647;
			files = (
				D0F07B0B1A42345400A22F35 /* Cocoa.framework in Frameworks */,
			);
			runOnlyForDeploymentPostprocessing = 0;
		};
/* End PBXFrameworksBuildPhase section */

/* Begin PBXGroup section */
		D0318DD01A46DFAC00BAEE57 /* Frameworks */ = {
			isa = PBXGroup;
			children = (
				D0F07B0A1A42345400A22F35 /* Cocoa.framework */,
			);
			name = Frameworks;
			sourceTree = "<group>";
		};
		D033656F1A3F79DF0059FE1B = {
			isa = PBXGroup;
			children = (
				D033657A1A3F79DF0059FE1B /* HotKeyHelper */,
				D0318DD01A46DFAC00BAEE57 /* Frameworks */,
				D03365791A3F79DF0059FE1B /* Products */,
			);
			sourceTree = "<group>";
		};
		D03365791A3F79DF0059FE1B /* Products */ = {
			isa = PBXGroup;
			children = (
				D03365781A3F79DF0059FE1B /* HotKeyHelper.app */,
			);
			name = Products;
			sourceTree = "<group>";
		};
		D033657A1A3F79DF0059FE1B /* HotKeyHelper */ = {
			isa = PBXGroup;
			children = (
				D06409261A40B25500583962 /* HotKeyHelper.entitlements */,
				D033657D1A3F79DF0059FE1B /* AppDelegate.h */,
				D033657E1A3F79DF0059FE1B /* AppDelegate.m */,
				D03365821A3F79DF0059FE1B /* Images.xcassets */,
				D03365841A3F79DF0059FE1B /* MainMenu.xib */,
				D033657B1A3F79DF0059FE1B /* Supporting Files */,
			);
			path = HotKeyHelper;
			sourceTree = "<group>";
		};
		D033657B1A3F79DF0059FE1B /* Supporting Files */ = {
			isa = PBXGroup;
			children = (
				D033657C1A3F79DF0059FE1B /* Info.plist */,
				D03365801A3F79DF0059FE1B /* main.m */,
			);
			name = "Supporting Files";
			sourceTree = "<group>";
		};
/* End PBXGroup section */

/* Begin PBXNativeTarget section */
		D03365771A3F79DF0059FE1B /* HotKeyHelper */ = {
			isa = PBXNativeTarget;
			buildConfigurationList = D03365951A3F79DF0059FE1B /* Build configuration list for PBXNativeTarget "HotKeyHelper" */;
			buildPhases = (
				D03365741A3F79DF0059FE1B /* Sources */,
				D03365751A3F79DF0059FE1B /* Frameworks */,
				D03365761A3F79DF0059FE1B /* Resources */,
			);
			buildRules = (
			);
			dependencies = (
			);
			name = HotKeyHelper;
			productName = HotKeyHelper;
			productReference = D03365781A3F79DF0059FE1B /* HotKeyHelper.app */;
			productType = "com.apple.product-type.application";
		};
/* End PBXNativeTarget section */

/* Begin PBXProject section */
		D03365701A3F79DF0059FE1B /* Project object */ = {
			isa = PBXProject;
			attributes = {
				LastUpgradeCheck = 0620;
				ORGANIZATIONNAME = "Peter Vorwieger";
				TargetAttributes = {
					D03365771A3F79DF0059FE1B = {
						CreatedOnToolsVersion = 6.2;
						DevelopmentTeam = CVCAS47FPX;
						SystemCapabilities = {
							com.apple.Sandbox = {
								enabled = 1;
							};
						};
					};
				};
			};
			buildConfigurationList = D03365731A3F79DF0059FE1B /* Build configuration list for PBXProject "HotKeyHelper" */;
			compatibilityVersion = "Xcode 3.2";
			developmentRegion = English;
			hasScannedForEncodings = 0;
			knownRegions = (
				en,
				Base,
			);
			mainGroup = D033656F1A3F79DF0059FE1B;
			productRefGroup = D03365791A3F79DF0059FE1B /* Products */;
			projectDirPath = "";
			projectRoot = "";
			targets = (
				D03365771A3F79DF0059FE1B /* HotKeyHelper */,
			);
		};
/* End PBXProject section */

/* Begin PBXResourcesBuildPhase section */
		D03365761A3F79DF0059FE1B /* Resources */ = {
			isa = PBXResourcesBuildPhase;
			buildActionMask = 2147483647;
			files = (
				D03365831A3F79DF0059FE1B /* Images.xcassets in Resources */,
				D03365861A3F79DF0059FE1B /* MainMenu.xib in Resources */,
			);
			runOnlyForDeploymentPostprocessing = 0;
		};
/* End PBXResourcesBuildPhase section */

/* Begin PBXSourcesBuildPhase section */
		D03365741A3F79DF0059FE1B /* Sources */ = {
			isa = PBXSourcesBuildPhase;
			buildActionMask = 2147483647;
			files = (
				D03365811A3F79DF0059FE1B /* main.m in Sources */,
				D033657F1A3F79DF0059FE1B /* AppDelegate.m in Sources */,
			);
			runOnlyForDeploymentPostprocessing = 0;
		};
/* End PBXSourcesBuildPhase section */

/* Begin PBXVariantGroup section */
		D03365841A3F79DF0059FE1B /* MainMenu.xib */ = {
			isa = PBXVariantGroup;
			children = (
				D03365851A3F79DF0059FE1B /* Base */,
			);
			name = MainMenu.xib;
			sourceTree = "<group>";
		};
/* End PBXVariantGroup section */

/* Begin XCBuildConfiguration section */
		D03365931A3F79DF0059FE1B /* Debug */ = {
			isa = XCBuildConfiguration;
			buildSettings = {
				ALWAYS_SEARCH_USER_PATHS = NO;
				CLANG_CXX_LANGUAGE_STANDARD = "gnu++0x";
				CLANG_CXX_LIBRARY = "libc++";
				CLANG_ENABLE_MODULES = YES;
				CLANG_ENABLE_OBJC_ARC = YES;
				CLANG_WARN_BOOL_CONVERSION = YES;
				CLANG_WARN_CONSTANT_CONVERSION = YES;
				CLANG_WARN_DIRECT_OBJC_ISA_USAGE = YES_ERROR;
				CLANG_WARN_EMPTY_BODY = YES;
				CLANG_WARN_ENUM_CONVERSION = YES;
				CLANG_WARN_INT_CONVERSION = YES;
				CLANG_WARN_OBJC_ROOT_CLASS = YES_ERROR;
				CLANG_WARN_UNREACHABLE_CODE = YES;
				CLANG_WARN__DUPLICATE_METHOD_MATCH = YES;
				CODE_SIGN_IDENTITY = "-";
				COPY_PHASE_STRIP = NO;
				ENABLE_STRICT_OBJC_MSGSEND = YES;
				GCC_C_LANGUAGE_STANDARD = gnu99;
				GCC_DYNAMIC_NO_PIC = NO;
				GCC_OPTIMIZATION_LEVEL = 0;
				GCC_PREPROCESSOR_DEFINITIONS = (
					"DEBUG=1",
					"$(inherited)",
				);
				GCC_SYMBOLS_PRIVATE_EXTERN = NO;
				GCC_WARN_64_TO_32_BIT_CONVERSION = YES;
				GCC_WARN_ABOUT_RETURN_TYPE = YES_ERROR;
				GCC_WARN_UNDECLARED_SELECTOR = YES;
				GCC_WARN_UNINITIALIZED_AUTOS = YES_AGGRESSIVE;
				GCC_WARN_UNUSED_FUNCTION = YES;
				GCC_WARN_UNUSED_VARIABLE = YES;
				MACOSX_DEPLOYMENT_TARGET = 10.10;
				MTL_ENABLE_DEBUG_INFO = YES;
				ONLY_ACTIVE_ARCH = YES;
				SDKROOT = macosx;
			};
			name = Debug;
		};
		D03365941A3F79DF0059FE1B /* Release */ = {
			isa = XCBuildConfiguration;
			buildSettings = {
				ALWAYS_SEARCH_USER_PATHS = NO;
				CLANG_CXX_LANGUAGE_STANDARD = "gnu++0x";
				CLANG_CXX_LIBRARY = "libc++";
				CLANG_ENABLE_MODULES = YES;
				CLANG_ENABLE_OBJC_ARC = YES;
				CLANG_WARN_BOOL_CONVERSION = YES;
				CLANG_WARN_CONSTANT_CONVERSION = YES;
				CLANG_WARN_DIRECT_OBJC_ISA_USAGE = YES_ERROR;
				CLANG_WARN_EMPTY_BODY = YES;
				CLANG_WARN_ENUM_CONVERSION = YES;
				CLANG_WARN_INT_CONVERSION = YES;
				CLANG_WARN_OBJC_ROOT_CLASS = YES_ERROR;
				CLANG_WARN_UNREACHABLE_CODE = YES;
				CLANG_WARN__DUPLICATE_METHOD_MATCH = YES;
				CODE_SIGN_IDENTITY = "-";
				COPY_PHASE_STRIP = YES;
				DEBUG_INFORMATION_FORMAT = "dwarf-with-dsym";
				ENABLE_NS_ASSERTIONS = NO;
				ENABLE_STRICT_OBJC_MSGSEND = YES;
				GCC_C_LANGUAGE_STANDARD = gnu99;
				GCC_WARN_64_TO_32_BIT_CONVERSION = YES;
				GCC_WARN_ABOUT_RETURN_TYPE = YES_ERROR;
				GCC_WARN_UNDECLARED_SELECTOR = YES;
				GCC_WARN_UNINITIALIZED_AUTOS = YES_AGGRESSIVE;
				GCC_WARN_UNUSED_FUNCTION = YES;
				GCC_WARN_UNUSED_VARIABLE = YES;
				MACOSX_DEPLOYMENT_TARGET = 10.10;
				MTL_ENABLE_DEBUG_INFO = NO;
				SDKROOT = macosx;
			};
			name = Release;
		};
		D03365961A3F79DF0059FE1B /* Debug */ = {
			isa = XCBuildConfiguration;
			buildSettings = {
				ASSETCATALOG_COMPILER_APPICON_NAME = AppIcon;
				CODE_SIGN_ENTITLEMENTS = HotKeyHelper/HotKeyHelper.entitlements;
				CODE_SIGN_IDENTITY = "Mac Developer";
				COMBINE_HIDPI_IMAGES = YES;
				INFOPLIST_FILE = HotKeyHelper/Info.plist;
				LD_RUNPATH_SEARCH_PATHS = "$(inherited) @executable_path/../Frameworks";
				MACOSX_DEPLOYMENT_TARGET = 10.9;
				PRODUCT_NAME = "$(TARGET_NAME)";
				SDKROOT = macosx;
				SKIP_INSTALL = YES;
			};
			name = Debug;
		};
		D03365971A3F79DF0059FE1B /* Release */ = {
			isa = XCBuildConfiguration;
			buildSettings = {
				ASSETCATALOG_COMPILER_APPICON_NAME = AppIcon;
				CODE_SIGN_ENTITLEMENTS = HotKeyHelper/HotKeyHelper.entitlements;
				CODE_SIGN_IDENTITY = "Mac Developer";
				COMBINE_HIDPI_IMAGES = YES;
				INFOPLIST_FILE = HotKeyHelper/Info.plist;
				LD_RUNPATH_SEARCH_PATHS = "$(inherited) @executable_path/../Frameworks";
				MACOSX_DEPLOYMENT_TARGET = 10.9;
				PRODUCT_NAME = "$(TARGET_NAME)";
				SDKROOT = macosx;
				SKIP_INSTALL = YES;
			};
			name = Release;
		};
/* End XCBuildConfiguration section */

/* Begin XCConfigurationList section */
		D03365731A3F79DF0059FE1B /* Build configuration list for PBXProject "HotKeyHelper" */ = {
			isa = XCConfigurationList;
			buildConfigurations = (
				D03365931A3F79DF0059FE1B /* Debug */,
				D03365941A3F79DF0059FE1B /* Release */,
			);
			defaultConfigurationIsVisible = 0;
			defaultConfigurationName = Release;
		};
		D03365951A3F79DF0059FE1B /* Build configuration list for PBXNativeTarget "HotKeyHelper" */ = {
			isa = XCConfigurationList;
			buildConfigurations = (
				D03365961A3F79DF0059FE1B /* Debug */,
				D03365971A3F79DF0059FE1B /* Release */,
			);
			defaultConfigurationIsVisible = 0;
			defaultConfigurationName = Release;
		};
/* End XCConfigurationList section */
	};
	rootObject = D03365701A3F79DF0059FE1B /* Project object */;
}
